
Microsoft Visual Studio Solution File, Format Version 11.00
# Visual Studio 2010
Project("{8BC9CEB8-8B4A-11D0-8D11-00A0C91BC942}") = "NetChatSrv", "NetChatSrv\NetChatSrv.vcxproj", "{70FFB4D5-0FB2-46F7-9AC4-5BE5D8B23D5F}"
EndProject
Project("{8BC9CEB8-8B4A-11D0-8D11-00A0C91BC942}") = "NetClient", "..\NetClient\NetClient.vcxproj", "{F109480E-141E-4BB8-8D24-11639916709D}"
EndProject
Global
	GlobalSection(SolutionConfigurationPlatforms) = preSolution
		Debug|Win32 = Debug|Win32
		Release|Win32 = Release|Win32
	EndGlobalSection
	GlobalSection(ProjectConfigurationPlatforms) = postSolution
		{70FFB4D5-0FB2-46F7-9AC4-5BE5D8B23D5F}.Debug|Win32.ActiveCfg = Debug|Win32
		{70FFB4D5-0FB2-46F7-9AC4-5BE5D8B23D5F}.Debug|Win32.Build.0 = Debug|Win32
		{70FFB4D5-0FB2-46F7-9AC4-5BE5D8B23D5F}.Release|Win32.ActiveCfg = Release|Win32
		{70FFB4D5-0FB2-46F7-9AC4-5BE5D8B23D5F}.Release|Win32.Build.0 = Release|Win32
		{F109480E-141E-4BB8-8D24-11639916709D}.Debug|Win32.ActiveCfg = Debug|Win32
		{F109480E-141E-4BB8-8D24-11639916709D}.Debug|Win32.Build.0 = Debug|Win32
		{F109480E-141E-4BB8-8D24-11639916709D}.Release|Win32.ActiveCfg = Release|Win32
		{F109480E-141E-4BB8-8D24-11639916709D}.Release|Win32.Build.0 = Release|Win32
	EndGlobalSection
	GlobalSection(SolutionProperties) = preSolution
		HideSolutionNode = FALSE
	EndGlobalSection
EndGlobal
